
Microsoft Visual Studio Solution File, Format Version 12.00
# Visual Studio Version 16
VisualStudioVersion = 16.0.31424.327
MinimumVisualStudioVersion = 10.0.40219.1
Project("{FAE04EC0-301F-11D3-BF4B-00C04F79EFBC}") = "PocCQRSMediatorPattern.Api", "src\PocCQRSMediatorPattern.Api\PocCQRSMediatorPattern.Api.csproj", "{23798D04-9AED-433D-A862-4F152E0A5AE6}"
EndProject
Project("{FAE04EC0-301F-11D3-BF4B-00C04F79EFBC}") = "PocCQRSMediatorPattern.Library", "src\PocCQRSMediatorPattern.Library\PocCQRSMediatorPattern.Library.csproj", "{BE58A583-018D-4490-A486-8B2719EB9388}"
EndProject
Project("{2150E333-8FDC-42A3-9474-1A3956D46DE8}") = "src", "src", "{05105887-3ADE-4481-93EC-3497691471A3}"
EndProject
Project("{2150E333-8FDC-42A3-9474-1A3956D46DE8}") = "tests", "tests", "{37D4CAA8-6AAF-42F8-97CB-05FA3502146A}"
EndProject
Project("{FAE04EC0-301F-11D3-BF4B-00C04F79EFBC}") = "PocCQRSMediatorPattern.UnitTest", "test\PocCQRSMediatorPattern.UnitTest\PocCQRSMediatorPattern.UnitTest.csproj", "{A8D5F341-B5B2-4EE0-9D65-CA84FA13B1B2}"
EndProject
Project("{FAE04EC0-301F-11D3-BF4B-00C04F79EFBC}") = "PocCQRSMediatorPattern.IntegrationTest", "test\PocCQRSMediatorPattern.IntegrationTest\PocCQRSMediatorPattern.IntegrationTest.csproj", "{A9B6EC86-8DD7-4128-AB49-89DC9BA42AA1}"
EndProject
Project("{FAE04EC0-301F-11D3-BF4B-00C04F79EFBC}") = "PocCQRSMediatorPattern.CoreTest", "test\PocCQRSMediatorPattern.CoreTest\PocCQRSMediatorPattern.CoreTest.csproj", "{1EDD345C-6C15-498D-824C-C48FDDCE8CBE}"
EndProject
Global
	GlobalSection(SolutionConfigurationPlatforms) = preSolution
		Debug|Any CPU = Debug|Any CPU
		Release|Any CPU = Release|Any CPU
	EndGlobalSection
	GlobalSection(ProjectConfigurationPlatforms) = postSolution
		{23798D04-9AED-433D-A862-4F152E0A5AE6}.Debug|Any CPU.ActiveCfg = Debug|Any CPU
		{23798D04-9AED-433D-A862-4F152E0A5AE6}.Debug|Any CPU.Build.0 = Debug|Any CPU
		{23798D04-9AED-433D-A862-4F152E0A5AE6}.Release|Any CPU.ActiveCfg = Release|Any CPU
		{23798D04-9AED-433D-A862-4F152E0A5AE6}.Release|Any CPU.Build.0 = Release|Any CPU
		{BE58A583-018D-4490-A486-8B2719EB9388}.Debug|Any CPU.ActiveCfg = Debug|Any CPU
		{BE58A583-018D-4490-A486-8B2719EB9388}.Debug|Any CPU.Build.0 = Debug|Any CPU
		{BE58A583-018D-4490-A486-8B2719EB9388}.Release|Any CPU.ActiveCfg = Release|Any CPU
		{BE58A583-018D-4490-A486-8B2719EB9388}.Release|Any CPU.Build.0 = Release|Any CPU
		{A8D5F341-B5B2-4EE0-9D65-CA84FA13B1B2}.Debug|Any CPU.ActiveCfg = Debug|Any CPU
		{A8D5F341-B5B2-4EE0-9D65-CA84FA13B1B2}.Debug|Any CPU.Build.0 = Debug|Any CPU
		{A8D5F341-B5B2-4EE0-9D65-CA84FA13B1B2}.Release|Any CPU.ActiveCfg = Release|Any CPU
		{A8D5F341-B5B2-4EE0-9D65-CA84FA13B1B2}.Release|Any CPU.Build.0 = Release|Any CPU
		{A9B6EC86-8DD7-4128-AB49-89DC9BA42AA1}.Debug|Any CPU.ActiveCfg = Debug|Any CPU
		{A9B6EC86-8DD7-4128-AB49-89DC9BA42AA1}.Debug|Any CPU.Build.0 = Debug|Any CPU
		{A9B6EC86-8DD7-4128-AB49-89DC9BA42AA1}.Release|Any CPU.ActiveCfg = Release|Any CPU
		{A9B6EC86-8DD7-4128-AB49-89DC9BA42AA1}.Release|Any CPU.Build.0 = Release|Any CPU
		{1EDD345C-6C15-498D-824C-C48FDDCE8CBE}.Debug|Any CPU.ActiveCfg = Debug|Any CPU
		{1EDD345C-6C15-498D-824C-C48FDDCE8CBE}.Debug|Any CPU.Build.0 = Debug|Any CPU
		{1EDD345C-6C15-498D-824C-C48FDDCE8CBE}.Release|Any CPU.ActiveCfg = Release|Any CPU
		{1EDD345C-6C15-498D-824C-C48FDDCE8CBE}.Release|Any CPU.Build.0 = Release|Any CPU
	EndGlobalSection
	GlobalSection(SolutionProperties) = preSolution
		HideSolutionNode = FALSE
	EndGlobalSection
	GlobalSection(NestedProjects) = preSolution
		{23798D04-9AED-433D-A862-4F152E0A5AE6} = {05105887-3ADE-4481-93EC-3497691471A3}
		{BE58A583-018D-4490-A486-8B2719EB9388} = {05105887-3ADE-4481-93EC-3497691471A3}
		{A8D5F341-B5B2-4EE0-9D65-CA84FA13B1B2} = {37D4CAA8-6AAF-42F8-97CB-05FA3502146A}
		{A9B6EC86-8DD7-4128-AB49-89DC9BA42AA1} = {37D4CAA8-6AAF-42F8-97CB-05FA3502146A}
		{1EDD345C-6C15-498D-824C-C48FDDCE8CBE} = {37D4CAA8-6AAF-42F8-97CB-05FA3502146A}
	EndGlobalSection
	GlobalSection(ExtensibilityGlobals) = postSolution
		SolutionGuid = {BCE88607-E6D8-4108-AD52-61347CD9E778}
	EndGlobalSection
EndGlobal
